
Microsoft Visual Studio Solution File, Format Version 12.00
# Visual Studio Version 16
VisualStudioVersion = 16.0.29911.84
MinimumVisualStudioVersion = 10.0.40219.1
Project("{FAE04EC0-301F-11D3-BF4B-00C04F79EFBC}") = "BSE195BaranovaEV", "BSE195BaranovaEV\BSE195BaranovaEV.csproj", "{C34D98EE-B03B-4F58-B5FB-CC39BD784DF5}"
EndProject
Project("{FAE04EC0-301F-11D3-BF4B-00C04F79EFBC}") = "BookstoreLibrary", "BookstoreLibrary\BookstoreLibrary.csproj", "{2C08B189-5370-4D95-BE5C-3A73B86F81E4}"
EndProject
Project("{FAE04EC0-301F-11D3-BF4B-00C04F79EFBC}") = "ConsoleApp2", "ConsoleApp2\ConsoleApp2.csproj", "{CCB6ABA6-18CE-43B5-A893-AA0E00C73DE8}"
EndProject
Global
	GlobalSection(SolutionConfigurationPlatforms) = preSolution
		Debug|Any CPU = Debug|Any CPU
		Release|Any CPU = Release|Any CPU
	EndGlobalSection
	GlobalSection(ProjectConfigurationPlatforms) = postSolution
		{C34D98EE-B03B-4F58-B5FB-CC39BD784DF5}.Debug|Any CPU.ActiveCfg = Debug|Any CPU
		{C34D98EE-B03B-4F58-B5FB-CC39BD784DF5}.Debug|Any CPU.Build.0 = Debug|Any CPU
		{C34D98EE-B03B-4F58-B5FB-CC39BD784DF5}.Release|Any CPU.ActiveCfg = Release|Any CPU
		{C34D98EE-B03B-4F58-B5FB-CC39BD784DF5}.Release|Any CPU.Build.0 = Release|Any CPU
		{2C08B189-5370-4D95-BE5C-3A73B86F81E4}.Debug|Any CPU.ActiveCfg = Debug|Any CPU
		{2C08B189-5370-4D95-BE5C-3A73B86F81E4}.Debug|Any CPU.Build.0 = Debug|Any CPU
		{2C08B189-5370-4D95-BE5C-3A73B86F81E4}.Release|Any CPU.ActiveCfg = Release|Any CPU
		{2C08B189-5370-4D95-BE5C-3A73B86F81E4}.Release|Any CPU.Build.0 = Release|Any CPU
		{CCB6ABA6-18CE-43B5-A893-AA0E00C73DE8}.Debug|Any CPU.ActiveCfg = Debug|Any CPU
		{CCB6ABA6-18CE-43B5-A893-AA0E00C73DE8}.Debug|Any CPU.Build.0 = Debug|Any CPU
		{CCB6ABA6-18CE-43B5-A893-AA0E00C73DE8}.Release|Any CPU.ActiveCfg = Release|Any CPU
		{CCB6ABA6-18CE-43B5-A893-AA0E00C73DE8}.Release|Any CPU.Build.0 = Release|Any CPU
	EndGlobalSection
	GlobalSection(SolutionProperties) = preSolution
		HideSolutionNode = FALSE
	EndGlobalSection
	GlobalSection(ExtensibilityGlobals) = postSolution
		SolutionGuid = {87457529-C403-40F6-8605-D3A3620C91A9}
	EndGlobalSection
EndGlobal
